
Microsoft Visual Studio Solution File, Format Version 12.00
# Visual Studio Version 17
VisualStudioVersion = 17.9.34728.123
MinimumVisualStudioVersion = 10.0.40219.1
Project("{FAE04EC0-301F-11D3-BF4B-00C04F79EFBC}") = "PAUP RAD - NIKOLA NOVAK", "PAUP RAD - NIKOLA NOVAK\PAUP RAD - NIKOLA NOVAK.csproj", "{DAA3A411-0A01-4EDD-94BA-E289D49DD0F9}"
EndProject
Global
	GlobalSection(SolutionConfigurationPlatforms) = preSolution
		Debug|Any CPU = Debug|Any CPU
		Release|Any CPU = Release|Any CPU
	EndGlobalSection
	GlobalSection(ProjectConfigurationPlatforms) = postSolution
		{DAA3A411-0A01-4EDD-94BA-E289D49DD0F9}.Debug|Any CPU.ActiveCfg = Debug|Any CPU
		{DAA3A411-0A01-4EDD-94BA-E289D49DD0F9}.Debug|Any CPU.Build.0 = Debug|Any CPU
		{DAA3A411-0A01-4EDD-94BA-E289D49DD0F9}.Release|Any CPU.ActiveCfg = Release|Any CPU
		{DAA3A411-0A01-4EDD-94BA-E289D49DD0F9}.Release|Any CPU.Build.0 = Release|Any CPU
	EndGlobalSection
	GlobalSection(SolutionProperties) = preSolution
		HideSolutionNode = FALSE
	EndGlobalSection
	GlobalSection(ExtensibilityGlobals) = postSolution
		SolutionGuid = {E32404D1-70AE-40AC-89FE-F0B82DC1D751}
	EndGlobalSection
EndGlobal
